
Microsoft Visual Studio Solution File, Format Version 12.00
# Visual Studio Version 16
VisualStudioVersion = 16.0.31702.278
MinimumVisualStudioVersion = 10.0.40219.1
Project("{FAE04EC0-301F-11D3-BF4B-00C04F79EFBC}") = "OddOrEven", "OddOrEven\OddOrEven.csproj", "{1F0F3868-36AC-4088-9E70-4EE8399BA24D}"
EndProject
Global
	GlobalSection(SolutionConfigurationPlatforms) = preSolution
		Debug|Any CPU = Debug|Any CPU
		Release|Any CPU = Release|Any CPU
	EndGlobalSection
	GlobalSection(ProjectConfigurationPlatforms) = postSolution
		{1F0F3868-36AC-4088-9E70-4EE8399BA24D}.Debug|Any CPU.ActiveCfg = Debug|Any CPU
		{1F0F3868-36AC-4088-9E70-4EE8399BA24D}.Debug|Any CPU.Build.0 = Debug|Any CPU
		{1F0F3868-36AC-4088-9E70-4EE8399BA24D}.Release|Any CPU.ActiveCfg = Release|Any CPU
		{1F0F3868-36AC-4088-9E70-4EE8399BA24D}.Release|Any CPU.Build.0 = Release|Any CPU
	EndGlobalSection
	GlobalSection(SolutionProperties) = preSolution
		HideSolutionNode = FALSE
	EndGlobalSection
	GlobalSection(ExtensibilityGlobals) = postSolution
		SolutionGuid = {8F175B27-91C6-4E7F-B3F2-FCF660C8D5DD}
	EndGlobalSection
EndGlobal
